<?xml version="1.0" encoding="utf-8"?>
<Project ToolsVersion="4.0" xmlns="http://schemas.microsoft.com/developer/msbuild/2003">
  <ItemGroup>
    <Filter Include="Source Files">
      <UniqueIdentifier>{4FC737F1-C7A5-4376-A066-2A32D752A2FF}</UniqueIdentifier>
      <Extensions>cpp;c;cc;cxx;def;odl;idl;hpj;bat;asm;asmx</Extensions>
    </Filter>
    <Filter Include="Header Files">
      <UniqueIdentifier>{93995380-89BD-4b04-88EB-625FBE52EBFB}</UniqueIdentifier>
      <Extensions>h;hpp;hxx;hm;inl;inc;xsd</Extensions>
    </Filter>
    <Filter Include="Resource Files">
      <UniqueIdentifier>{67DA6AB6-F800-4c08-8B7A-83BB121AAD01}</UniqueIdentifier>
      <Extensions>rc;ico;cur;bmp;dlg;rc2;rct;bin;rgs;gif;jpg;jpeg;jpe;resx;tiff;tif;png;wav;mfcribbon-ms</Extensions>
    </Filter>
  </ItemGroup>
  <ItemGroup>
    <Text Include="ReadMe.txt" />
  </ItemGroup>
  <ItemGroup>
    <ClInclude Include="ExpressCaptureServer.h">
      <Filter>Header Files</Filter>
    </ClInclude>
    <ClInclude Include="ExpressCaptureServerDlg.h">
      <Filter>Header Files</Filter>
    </ClInclude>
    <ClInclude Include="stdafx.h">
      <Filter>Header Files</Filter>
    </ClInclude>
    <ClInclude Include="targetver.h">
      <Filter>Header Files</Filter>
    </ClInclude>
    <ClInclude Include="Resource.h">
      <Filter>Header Files</Filter>
    </ClInclude>
    <ClInclude Include="SampleGrabber.h">
      <Filter>Header Files</Filter>
    </ClInclude>
    <ClInclude Include="Codecs.h">
      <Filter>Header Files</Filter>
    </ClInclude>
    <ClInclude Include="Dvb.h">
      <Filter>Header Files</Filter>
    </ClInclude>
    <ClInclude Include="tp.h">
      <Filter>Header Files</Filter>
    </ClInclude>
    <ClInclude Include="si.h">
      <Filter>Header Files</Filter>
    </ClInclude>
    <ClInclude Include="DialogSiTableSettings.h">
      <Filter>Header Files</Filter>
    </ClInclude>
    <ClInclude Include="DialogExpressSettings.h">
      <Filter>Header Files</Filter>
    </ClInclude>
    <ClInclude Include="DialogCodecAudio.h">
      <Filter>Header Files</Filter>
    </ClInclude>
    <ClInclude Include="DialogCodecVideo.h">
      <Filter>Header Files</Filter>
    </ClInclude>
    <ClInclude Include="DialogCaptureVideo.h">
      <Filter>Header Files</Filter>
    </ClInclude>
    <ClInclude Include="DialogCaptureAudio.h">
      <Filter>Header Files</Filter>
    </ClInclude>
    <ClInclude Include="DialogOutputFormat.h">
      <Filter>Header Files</Filter>
    </ClInclude>
    <ClInclude Include="DialogConfigurationError.h">
      <Filter>Header Files</Filter>
    </ClInclude>
    <ClInclude Include="error_codes.h">
      <Filter>Header Files</Filter>
    </ClInclude>
    <ClInclude Include="DVB-S2\DVBS2.h">
      <Filter>Header Files</Filter>
    </ClInclude>
    <ClInclude Include="DVB-S2\DVB2.h">
      <Filter>Header Files</Filter>
    </ClInclude>
    <ClInclude Include="DialogDVBSSettings.h">
      <Filter>Header Files</Filter>
    </ClInclude>
    <ClInclude Include="DialogDVBS2Settings.h">
      <Filter>Header Files</Filter>
    </ClInclude>
    <ClInclude Include="DVB-T\dvb_t.h">
      <Filter>Header Files</Filter>
    </ClInclude>
    <ClInclude Include="DVB-T\dvb_t_sym.h">
      <Filter>Header Files</Filter>
    </ClInclude>
    <ClInclude Include="DialogDVBTSettings.h">
      <Filter>Header Files</Filter>
    </ClInclude>
    <ClInclude Include="DialogIqCalibration.h">
      <Filter>Header Files</Filter>
    </ClInclude>
    <ClInclude Include="noise.h">
      <Filter>Header Files</Filter>
    </ClInclude>
    <ClInclude Include="DialogNoiseTool.h">
      <Filter>Header Files</Filter>
    </ClInclude>
  </ItemGroup>
  <ItemGroup>
    <ClCompile Include="ExpressCaptureServer.cpp">
      <Filter>Source Files</Filter>
    </ClCompile>
    <ClCompile Include="ExpressCaptureServerDlg.cpp">
      <Filter>Source Files</Filter>
    </ClCompile>
    <ClCompile Include="stdafx.cpp">
      <Filter>Source Files</Filter>
    </ClCompile>
    <ClCompile Include="DSCapture.cpp">
      <Filter>Source Files</Filter>
    </ClCompile>
    <ClCompile Include="Codecs.cpp">
      <Filter>Source Files</Filter>
    </ClCompile>
    <ClCompile Include="es_to_ps.cpp">
      <Filter>Source Files</Filter>
    </ClCompile>
    <ClCompile Include="ps_to_ts.cpp">
      <Filter>Source Files</Filter>
    </ClCompile>
    <ClCompile Include="Pcr.cpp">
      <Filter>Source Files</Filter>
    </ClCompile>
    <ClCompile Include="general.cpp">
      <Filter>Source Files</Filter>
    </ClCompile>
    <ClCompile Include="timer.cpp">
      <Filter>Source Files</Filter>
    </ClCompile>
    <ClCompile Include="Si.cpp">
      <Filter>Source Files</Filter>
    </ClCompile>
    <ClCompile Include="Null.cpp">
      <Filter>Source Files</Filter>
    </ClCompile>
    <ClCompile Include="nit.cpp">
      <Filter>Source Files</Filter>
    </ClCompile>
    <ClCompile Include="pat.cpp">
      <Filter>Source Files</Filter>
    </ClCompile>
    <ClCompile Include="pmt.cpp">
      <Filter>Source Files</Filter>
    </ClCompile>
    <ClCompile Include="sdt.cpp">
      <Filter>Source Files</Filter>
    </ClCompile>
    <ClCompile Include="tdt.cpp">
      <Filter>Source Files</Filter>
    </ClCompile>
    <ClCompile Include="eit.cpp">
      <Filter>Source Files</Filter>
    </ClCompile>
    <ClCompile Include="configuration.cpp">
      <Filter>Source Files</Filter>
    </ClCompile>
    <ClCompile Include="buffers.cpp">
      <Filter>Source Files</Filter>
    </ClCompile>
    <ClCompile Include="Express.cpp">
      <Filter>Source Files</Filter>
    </ClCompile>
    <ClCompile Include="txmodule.cpp">
      <Filter>Source Files</Filter>
    </ClCompile>
    <ClCompile Include="logging.cpp">
      <Filter>Source Files</Filter>
    </ClCompile>
    <ClCompile Include="DialogSiTableSettings.cpp">
      <Filter>Source Files</Filter>
    </ClCompile>
    <ClCompile Include="DialogExpressSettings.cpp">
      <Filter>Source Files</Filter>
    </ClCompile>
    <ClCompile Include="DialogCodecAudio.cpp">
      <Filter>Source Files</Filter>
    </ClCompile>
    <ClCompile Include="DialogCodecVideo.cpp">
      <Filter>Source Files</Filter>
    </ClCompile>
    <ClCompile Include="DialogCaptureVideo.cpp">
      <Filter>Source Files</Filter>
    </ClCompile>
    <ClCompile Include="DialogCaptureAudio.cpp">
      <Filter>Source Files</Filter>
    </ClCompile>
    <ClCompile Include="DialogOutputFormat.cpp">
      <Filter>Source Files</Filter>
    </ClCompile>
    <ClCompile Include="overlay.cpp">
      <Filter>Source Files</Filter>
    </ClCompile>
    <ClCompile Include="DialogConfigurationError.cpp">
      <Filter>Source Files</Filter>
    </ClCompile>
    <ClCompile Include="av_buffer.cpp">
      <Filter>Source Files</Filter>
    </ClCompile>
    <ClCompile Include="error_codes.cpp">
      <Filter>Source Files</Filter>
    </ClCompile>
    <ClCompile Include="DVB-S2\DVB2.cpp">
      <Filter>Source Files</Filter>
    </ClCompile>
    <ClCompile Include="DVB-S2\dvb2_bbheader.cpp">
      <Filter>Source Files</Filter>
    </ClCompile>
    <ClCompile Include="DVB-S2\dvb2_bch.cpp">
      <Filter>Source Files</Filter>
    </ClCompile>
    <ClCompile Include="DVB-S2\dvb2_ldpc_encode.cpp">
      <Filter>Source Files</Filter>
    </ClCompile>
    <ClCompile Include="DVB-S2\dvb2_ldpc_tables.cpp">
      <Filter>Source Files</Filter>
    </ClCompile>
    <ClCompile Include="DVB-S2\dvb2_scrambler.cpp">
      <Filter>Source Files</Filter>
    </ClCompile>
    <ClCompile Include="DVB-S2\DVBS2.cpp">
      <Filter>Source Files</Filter>
    </ClCompile>
    <ClCompile Include="DVB-S2\dvbs2_interleave.cpp">
      <Filter>Source Files</Filter>
    </ClCompile>
    <ClCompile Include="DVB-S2\dvbs2_modulator.cpp">
      <Filter>Source Files</Filter>
    </ClCompile>
    <ClCompile Include="DVB-S2\dvbs2_physical.cpp">
      <Filter>Source Files</Filter>
    </ClCompile>
    <ClCompile Include="DVB-S2\dvbs2_scrambler.cpp">
      <Filter>Source Files</Filter>
    </ClCompile>
    <ClCompile Include="DVB-S2\dvbs2_tables.cpp">
      <Filter>Source Files</Filter>
    </ClCompile>
    <ClCompile Include="DialogDVBSSettings.cpp">
      <Filter>Source Files</Filter>
    </ClCompile>
    <ClCompile Include="DialogDVBS2Settings.cpp">
      <Filter>Source Files</Filter>
    </ClCompile>
    <ClCompile Include="DVB-T\dvb_t.cpp">
      <Filter>Source Files</Filter>
    </ClCompile>
    <ClCompile Include="DVB-T\dvb_t_bits.cpp">
      <Filter>Source Files</Filter>
    </ClCompile>
    <ClCompile Include="DVB-T\dvb_t_enc.cpp">
      <Filter>Source Files</Filter>
    </ClCompile>
    <ClCompile Include="DVB-T\dvb_t_i.cpp">
      <Filter>Source Files</Filter>
    </ClCompile>
    <ClCompile Include="DVB-T\dvb_t_linux_fft.cpp">
      <Filter>Source Files</Filter>
    </ClCompile>
    <ClCompile Include="DVB-T\dvb_t_lpf.cpp">
      <Filter>Source Files</Filter>
    </ClCompile>
    <ClCompile Include="DVB-T\dvb_t_mod.cpp">
      <Filter>Source Files</Filter>
    </ClCompile>
    <ClCompile Include="DVB-T\dvb_t_qam_tab.cpp">
      <Filter>Source Files</Filter>
    </ClCompile>
    <ClCompile Include="DVB-T\dvb_t_stab.cpp">
      <Filter>Source Files</Filter>
    </ClCompile>
    <ClCompile Include="DVB-T\dvb_t_sym.cpp">
      <Filter>Source Files</Filter>
    </ClCompile>
    <ClCompile Include="DVB-T\dvb_t_tp.cpp">
      <Filter>Source Files</Filter>
    </ClCompile>
    <ClCompile Include="DVB-T\dvb_encode.cpp">
      <Filter>Source Files</Filter>
    </ClCompile>
    <ClCompile Include="DVB-T\dvb_conv.cpp">
      <Filter>Source Files</Filter>
    </ClCompile>
    <ClCompile Include="DVB-T\dvb_interleave.cpp">
      <Filter>Source Files</Filter>
    </ClCompile>
    <ClCompile Include="DVB-T\dvb_rs_encoder.cpp">
      <Filter>Source Files</Filter>
    </ClCompile>
    <ClCompile Include="DVB-T\dvbt_modulator.cpp">
      <Filter>Source Files</Filter>
    </ClCompile>
    <ClCompile Include="DialogDVBTSettings.cpp">
      <Filter>Source Files</Filter>
    </ClCompile>
    <ClCompile Include="DialogIqCalibration.cpp">
      <Filter>Source Files</Filter>
    </ClCompile>
    <ClCompile Include="dvb_clock.cpp">
      <Filter>Source Files</Filter>
    </ClCompile>
    <ClCompile Include="noise.cpp">
      <Filter>Source Files</Filter>
    </ClCompile>
    <ClCompile Include="DialogNoiseTool.cpp">
      <Filter>Source Files</Filter>
    </ClCompile>
  </ItemGroup>
  <ItemGroup>
    <ResourceCompile Include="ExpressCaptureServer.rc">
      <Filter>Resource Files</Filter>
    </ResourceCompile>
  </ItemGroup>
  <ItemGroup>
    <None Include="res\ExpressCaptureServer.rc2">
      <Filter>Resource Files</Filter>
    </None>
  </ItemGroup>
  <ItemGroup>
    <Image Include="res\ExpressCaptureServer.ico">
      <Filter>Resource Files</Filter>
    </Image>
  </ItemGroup>
</Project>